
Microsoft Visual Studio Solution File, Format Version 12.00
# Visual Studio Version 17
VisualStudioVersion = 17.8.34316.72
MinimumVisualStudioVersion = 10.0.40219.1
Project("{FAE04EC0-301F-11D3-BF4B-00C04F79EFBC}") = "LibraryManagmentSystem", "LibraryManagmentSystem.csproj", "{3D2ECCE5-0671-42DE-BF68-ACAC9E3DEBD8}"
EndProject
Global
	GlobalSection(SolutionConfigurationPlatforms) = preSolution
		Debug|Any CPU = Debug|Any CPU
		Release|Any CPU = Release|Any CPU
	EndGlobalSection
	GlobalSection(ProjectConfigurationPlatforms) = postSolution
		{3D2ECCE5-0671-42DE-BF68-ACAC9E3DEBD8}.Debug|Any CPU.ActiveCfg = Debug|Any CPU
		{3D2ECCE5-0671-42DE-BF68-ACAC9E3DEBD8}.Debug|Any CPU.Build.0 = Debug|Any CPU
		{3D2ECCE5-0671-42DE-BF68-ACAC9E3DEBD8}.Release|Any CPU.ActiveCfg = Release|Any CPU
		{3D2ECCE5-0671-42DE-BF68-ACAC9E3DEBD8}.Release|Any CPU.Build.0 = Release|Any CPU
	EndGlobalSection
	GlobalSection(SolutionProperties) = preSolution
		HideSolutionNode = FALSE
	EndGlobalSection
	GlobalSection(ExtensibilityGlobals) = postSolution
		SolutionGuid = {AAF90FE5-6B34-49AC-BF7A-52ADD60C0517}
	EndGlobalSection
EndGlobal
